
Microsoft Visual Studio Solution File, Format Version 12.00
# Visual Studio Version 17
VisualStudioVersion = 17.10.35027.167
MinimumVisualStudioVersion = 10.0.40219.1
Project("{FAE04EC0-301F-11D3-BF4B-00C04F79EFBC}") = "API", "API\API.csproj", "{EFC865B9-C95C-4229-AE14-48F8E27D79DD}"
EndProject
Project("{FAE04EC0-301F-11D3-BF4B-00C04F79EFBC}") = "Domain", "Domain\Domain.csproj", "{2BC639A5-6F0B-466A-AABA-447407573C90}"
EndProject
Project("{FAE04EC0-301F-11D3-BF4B-00C04F79EFBC}") = "Repository", "Repository\Repository.csproj", "{159112E8-8F6C-4D56-9C17-3C8238D70660}"
EndProject
Project("{FAE04EC0-301F-11D3-BF4B-00C04F79EFBC}") = "WebApp", "WebApp\WebApp.csproj", "{440A661E-F479-4F61-8089-5C0E4D530AC8}"
EndProject
Global
	GlobalSection(SolutionConfigurationPlatforms) = preSolution
		Debug|Any CPU = Debug|Any CPU
		Release|Any CPU = Release|Any CPU
	EndGlobalSection
	GlobalSection(ProjectConfigurationPlatforms) = postSolution
		{EFC865B9-C95C-4229-AE14-48F8E27D79DD}.Debug|Any CPU.ActiveCfg = Debug|Any CPU
		{EFC865B9-C95C-4229-AE14-48F8E27D79DD}.Debug|Any CPU.Build.0 = Debug|Any CPU
		{EFC865B9-C95C-4229-AE14-48F8E27D79DD}.Release|Any CPU.ActiveCfg = Release|Any CPU
		{EFC865B9-C95C-4229-AE14-48F8E27D79DD}.Release|Any CPU.Build.0 = Release|Any CPU
		{2BC639A5-6F0B-466A-AABA-447407573C90}.Debug|Any CPU.ActiveCfg = Debug|Any CPU
		{2BC639A5-6F0B-466A-AABA-447407573C90}.Debug|Any CPU.Build.0 = Debug|Any CPU
		{2BC639A5-6F0B-466A-AABA-447407573C90}.Release|Any CPU.ActiveCfg = Release|Any CPU
		{2BC639A5-6F0B-466A-AABA-447407573C90}.Release|Any CPU.Build.0 = Release|Any CPU
		{159112E8-8F6C-4D56-9C17-3C8238D70660}.Debug|Any CPU.ActiveCfg = Debug|Any CPU
		{159112E8-8F6C-4D56-9C17-3C8238D70660}.Debug|Any CPU.Build.0 = Debug|Any CPU
		{159112E8-8F6C-4D56-9C17-3C8238D70660}.Release|Any CPU.ActiveCfg = Release|Any CPU
		{159112E8-8F6C-4D56-9C17-3C8238D70660}.Release|Any CPU.Build.0 = Release|Any CPU
		{440A661E-F479-4F61-8089-5C0E4D530AC8}.Debug|Any CPU.ActiveCfg = Debug|Any CPU
		{440A661E-F479-4F61-8089-5C0E4D530AC8}.Debug|Any CPU.Build.0 = Debug|Any CPU
		{440A661E-F479-4F61-8089-5C0E4D530AC8}.Release|Any CPU.ActiveCfg = Release|Any CPU
		{440A661E-F479-4F61-8089-5C0E4D530AC8}.Release|Any CPU.Build.0 = Release|Any CPU
	EndGlobalSection
	GlobalSection(SolutionProperties) = preSolution
		HideSolutionNode = FALSE
	EndGlobalSection
	GlobalSection(ExtensibilityGlobals) = postSolution
		SolutionGuid = {D1CB805F-5111-4A1D-8798-8184C0EDCB9E}
	EndGlobalSection
EndGlobal
